
Microsoft Visual Studio Solution File, Format Version 12.00
# Visual Studio Version 16
VisualStudioVersion = 16.0.28803.452
MinimumVisualStudioVersion = 10.0.40219.1
Project("{FAE04EC0-301F-11D3-BF4B-00C04F79EFBC}") = "WindowsFormsAppTestWCF", "WindowsFormsAppTestWCF\WindowsFormsAppTestWCF.csproj", "{863EC39B-0D98-45F1-B3FF-2456D193D8FF}"
EndProject
Project("{FAE04EC0-301F-11D3-BF4B-00C04F79EFBC}") = "WcfServiceLibrary1", "WcfServiceLibrary1\WcfServiceLibrary1.csproj", "{1987FE52-7C40-4C35-87B7-88280A5AFCFD}"
EndProject
Global
	GlobalSection(SolutionConfigurationPlatforms) = preSolution
		Debug|Any CPU = Debug|Any CPU
		Release|Any CPU = Release|Any CPU
	EndGlobalSection
	GlobalSection(ProjectConfigurationPlatforms) = postSolution
		{863EC39B-0D98-45F1-B3FF-2456D193D8FF}.Debug|Any CPU.ActiveCfg = Debug|Any CPU
		{863EC39B-0D98-45F1-B3FF-2456D193D8FF}.Debug|Any CPU.Build.0 = Debug|Any CPU
		{863EC39B-0D98-45F1-B3FF-2456D193D8FF}.Release|Any CPU.ActiveCfg = Release|Any CPU
		{863EC39B-0D98-45F1-B3FF-2456D193D8FF}.Release|Any CPU.Build.0 = Release|Any CPU
		{1987FE52-7C40-4C35-87B7-88280A5AFCFD}.Debug|Any CPU.ActiveCfg = Debug|Any CPU
		{1987FE52-7C40-4C35-87B7-88280A5AFCFD}.Debug|Any CPU.Build.0 = Debug|Any CPU
		{1987FE52-7C40-4C35-87B7-88280A5AFCFD}.Release|Any CPU.ActiveCfg = Release|Any CPU
		{1987FE52-7C40-4C35-87B7-88280A5AFCFD}.Release|Any CPU.Build.0 = Release|Any CPU
	EndGlobalSection
	GlobalSection(SolutionProperties) = preSolution
		HideSolutionNode = FALSE
	EndGlobalSection
	GlobalSection(ExtensibilityGlobals) = postSolution
		SolutionGuid = {76A63ABB-F855-492D-9FE3-75183E2FAD98}
	EndGlobalSection
EndGlobal
