
Microsoft Visual Studio Solution File, Format Version 12.00
# Visual Studio 15
VisualStudioVersion = 15.0.28307.489
MinimumVisualStudioVersion = 10.0.40219.1
Project("{FAE04EC0-301F-11D3-BF4B-00C04F79EFBC}") = "2019_03_26_DefiPro", "2019_03_26_DefiPro\2019_03_26_DefiPro.csproj", "{B5A2D5E2-380D-42A7-A598-9BF8CB88E9B7}"
EndProject
Global
	GlobalSection(SolutionConfigurationPlatforms) = preSolution
		Debug|Any CPU = Debug|Any CPU
		Release|Any CPU = Release|Any CPU
	EndGlobalSection
	GlobalSection(ProjectConfigurationPlatforms) = postSolution
		{B5A2D5E2-380D-42A7-A598-9BF8CB88E9B7}.Debug|Any CPU.ActiveCfg = Debug|Any CPU
		{B5A2D5E2-380D-42A7-A598-9BF8CB88E9B7}.Debug|Any CPU.Build.0 = Debug|Any CPU
		{B5A2D5E2-380D-42A7-A598-9BF8CB88E9B7}.Release|Any CPU.ActiveCfg = Release|Any CPU
		{B5A2D5E2-380D-42A7-A598-9BF8CB88E9B7}.Release|Any CPU.Build.0 = Release|Any CPU
	EndGlobalSection
	GlobalSection(SolutionProperties) = preSolution
		HideSolutionNode = FALSE
	EndGlobalSection
	GlobalSection(ExtensibilityGlobals) = postSolution
		SolutionGuid = {81911461-5DBB-45AE-B653-D4B2F809862D}
	EndGlobalSection
EndGlobal
