
Microsoft Visual Studio Solution File, Format Version 12.00
# Visual Studio 15
VisualStudioVersion = 15.0.28307.572
MinimumVisualStudioVersion = 10.0.40219.1
Project("{FAE04EC0-301F-11D3-BF4B-00C04F79EFBC}") = "2019_04_08_DefiDuJour2", "2019_04_08_DefiDuJour2\2019_04_08_DefiDuJour2.csproj", "{FED1DE19-62D4-4F40-8B5E-8579E96CC988}"
EndProject
Global
	GlobalSection(SolutionConfigurationPlatforms) = preSolution
		Debug|Any CPU = Debug|Any CPU
		Release|Any CPU = Release|Any CPU
	EndGlobalSection
	GlobalSection(ProjectConfigurationPlatforms) = postSolution
		{FED1DE19-62D4-4F40-8B5E-8579E96CC988}.Debug|Any CPU.ActiveCfg = Debug|Any CPU
		{FED1DE19-62D4-4F40-8B5E-8579E96CC988}.Debug|Any CPU.Build.0 = Debug|Any CPU
		{FED1DE19-62D4-4F40-8B5E-8579E96CC988}.Release|Any CPU.ActiveCfg = Release|Any CPU
		{FED1DE19-62D4-4F40-8B5E-8579E96CC988}.Release|Any CPU.Build.0 = Release|Any CPU
	EndGlobalSection
	GlobalSection(SolutionProperties) = preSolution
		HideSolutionNode = FALSE
	EndGlobalSection
	GlobalSection(ExtensibilityGlobals) = postSolution
		SolutionGuid = {2F43E306-1B6C-4B5C-A007-6FB467440710}
	EndGlobalSection
EndGlobal
