
Microsoft Visual Studio Solution File, Format Version 12.00
# Visual Studio 15
VisualStudioVersion = 15.0.28307.489
MinimumVisualStudioVersion = 10.0.40219.1
Project("{FAE04EC0-301F-11D3-BF4B-00C04F79EFBC}") = "2019_03_26_NbreMystere", "2019_03_26_NbreMystere\2019_03_26_NbreMystere.csproj", "{7E6D9378-3CFA-48F1-8B51-13ADFABCB630}"
EndProject
Global
	GlobalSection(SolutionConfigurationPlatforms) = preSolution
		Debug|Any CPU = Debug|Any CPU
		Release|Any CPU = Release|Any CPU
	EndGlobalSection
	GlobalSection(ProjectConfigurationPlatforms) = postSolution
		{7E6D9378-3CFA-48F1-8B51-13ADFABCB630}.Debug|Any CPU.ActiveCfg = Debug|Any CPU
		{7E6D9378-3CFA-48F1-8B51-13ADFABCB630}.Debug|Any CPU.Build.0 = Debug|Any CPU
		{7E6D9378-3CFA-48F1-8B51-13ADFABCB630}.Release|Any CPU.ActiveCfg = Release|Any CPU
		{7E6D9378-3CFA-48F1-8B51-13ADFABCB630}.Release|Any CPU.Build.0 = Release|Any CPU
	EndGlobalSection
	GlobalSection(SolutionProperties) = preSolution
		HideSolutionNode = FALSE
	EndGlobalSection
	GlobalSection(ExtensibilityGlobals) = postSolution
		SolutionGuid = {C2C48E20-2B44-478E-8C4F-C1A00ABA752E}
	EndGlobalSection
EndGlobal
