
Microsoft Visual Studio Solution File, Format Version 12.00
# Visual Studio 15
VisualStudioVersion = 15.0.28307.572
MinimumVisualStudioVersion = 10.0.40219.1
Project("{FAE04EC0-301F-11D3-BF4B-00C04F79EFBC}") = "2019_04_04_MiniProjet_Upload", "2019_04_04_MiniProjet_Upload\2019_04_04_MiniProjet_Upload.csproj", "{5BD5D18F-35DA-4EE8-96C5-44EF67978C0E}"
EndProject
Global
	GlobalSection(SolutionConfigurationPlatforms) = preSolution
		Debug|Any CPU = Debug|Any CPU
		Release|Any CPU = Release|Any CPU
	EndGlobalSection
	GlobalSection(ProjectConfigurationPlatforms) = postSolution
		{5BD5D18F-35DA-4EE8-96C5-44EF67978C0E}.Debug|Any CPU.ActiveCfg = Debug|Any CPU
		{5BD5D18F-35DA-4EE8-96C5-44EF67978C0E}.Debug|Any CPU.Build.0 = Debug|Any CPU
		{5BD5D18F-35DA-4EE8-96C5-44EF67978C0E}.Release|Any CPU.ActiveCfg = Release|Any CPU
		{5BD5D18F-35DA-4EE8-96C5-44EF67978C0E}.Release|Any CPU.Build.0 = Release|Any CPU
	EndGlobalSection
	GlobalSection(SolutionProperties) = preSolution
		HideSolutionNode = FALSE
	EndGlobalSection
	GlobalSection(ExtensibilityGlobals) = postSolution
		SolutionGuid = {85FECAB5-2E3F-411F-A5BB-17F5FE59C2B9}
	EndGlobalSection
EndGlobal
