
Microsoft Visual Studio Solution File, Format Version 12.00
# Visual Studio 15
VisualStudioVersion = 15.0.27004.2005
MinimumVisualStudioVersion = 10.0.40219.1
Project("{FAE04EC0-301F-11D3-BF4B-00C04F79EFBC}") = "2017-10-27-OperationTest", "2017-10-27-OperationTest\2017-10-27-OperationTest.csproj", "{00196C08-67E8-4945-84B8-23291A78EFF1}"
EndProject
Global
	GlobalSection(SolutionConfigurationPlatforms) = preSolution
		Debug|Any CPU = Debug|Any CPU
		Release|Any CPU = Release|Any CPU
	EndGlobalSection
	GlobalSection(ProjectConfigurationPlatforms) = postSolution
		{00196C08-67E8-4945-84B8-23291A78EFF1}.Debug|Any CPU.ActiveCfg = Debug|Any CPU
		{00196C08-67E8-4945-84B8-23291A78EFF1}.Debug|Any CPU.Build.0 = Debug|Any CPU
		{00196C08-67E8-4945-84B8-23291A78EFF1}.Release|Any CPU.ActiveCfg = Release|Any CPU
		{00196C08-67E8-4945-84B8-23291A78EFF1}.Release|Any CPU.Build.0 = Release|Any CPU
	EndGlobalSection
	GlobalSection(SolutionProperties) = preSolution
		HideSolutionNode = FALSE
	EndGlobalSection
	GlobalSection(ExtensibilityGlobals) = postSolution
		SolutionGuid = {4775935A-AAE1-4D00-BC6C-3F9C76FA1936}
	EndGlobalSection
EndGlobal
