
Microsoft Visual Studio Solution File, Format Version 12.00
# Visual Studio Version 16
VisualStudioVersion = 16.0.29519.87
MinimumVisualStudioVersion = 10.0.40219.1
Project("{FAE04EC0-301F-11D3-BF4B-00C04F79EFBC}") = "2019_12_04_ASP.NET_ModelValidation_Test", "2019_12_04_ASP.NET_ModelValidation_Test\2019_12_04_ASP.NET_ModelValidation_Test.csproj", "{F868A150-F11E-4655-811E-17B24A341F55}"
EndProject
Global
	GlobalSection(SolutionConfigurationPlatforms) = preSolution
		Debug|Any CPU = Debug|Any CPU
		Release|Any CPU = Release|Any CPU
	EndGlobalSection
	GlobalSection(ProjectConfigurationPlatforms) = postSolution
		{F868A150-F11E-4655-811E-17B24A341F55}.Debug|Any CPU.ActiveCfg = Debug|Any CPU
		{F868A150-F11E-4655-811E-17B24A341F55}.Debug|Any CPU.Build.0 = Debug|Any CPU
		{F868A150-F11E-4655-811E-17B24A341F55}.Release|Any CPU.ActiveCfg = Release|Any CPU
		{F868A150-F11E-4655-811E-17B24A341F55}.Release|Any CPU.Build.0 = Release|Any CPU
	EndGlobalSection
	GlobalSection(SolutionProperties) = preSolution
		HideSolutionNode = FALSE
	EndGlobalSection
	GlobalSection(ExtensibilityGlobals) = postSolution
		SolutionGuid = {9B4D9EC6-0776-4CB6-B466-4415717C0DD9}
	EndGlobalSection
EndGlobal
