
Microsoft Visual Studio Solution File, Format Version 12.00
# Visual Studio 15
VisualStudioVersion = 15.0.28307.539
MinimumVisualStudioVersion = 10.0.40219.1
Project("{FAE04EC0-301F-11D3-BF4B-00C04F79EFBC}") = "2019_04_02_DownloadSpeedDefi", "2019_04_02_DownloadSpeedDefi\2019_04_02_DownloadSpeedDefi.csproj", "{B092C17B-5330-47A4-B9CA-13D3543DCC8F}"
EndProject
Global
	GlobalSection(SolutionConfigurationPlatforms) = preSolution
		Debug|Any CPU = Debug|Any CPU
		Release|Any CPU = Release|Any CPU
	EndGlobalSection
	GlobalSection(ProjectConfigurationPlatforms) = postSolution
		{B092C17B-5330-47A4-B9CA-13D3543DCC8F}.Debug|Any CPU.ActiveCfg = Debug|Any CPU
		{B092C17B-5330-47A4-B9CA-13D3543DCC8F}.Debug|Any CPU.Build.0 = Debug|Any CPU
		{B092C17B-5330-47A4-B9CA-13D3543DCC8F}.Release|Any CPU.ActiveCfg = Release|Any CPU
		{B092C17B-5330-47A4-B9CA-13D3543DCC8F}.Release|Any CPU.Build.0 = Release|Any CPU
	EndGlobalSection
	GlobalSection(SolutionProperties) = preSolution
		HideSolutionNode = FALSE
	EndGlobalSection
	GlobalSection(ExtensibilityGlobals) = postSolution
		SolutionGuid = {7D555C21-001D-4218-AFD4-81FAB9E96970}
	EndGlobalSection
EndGlobal
