
Microsoft Visual Studio Solution File, Format Version 12.00
# Visual Studio 15
VisualStudioVersion = 15.0.28307.489
MinimumVisualStudioVersion = 10.0.40219.1
Project("{FAE04EC0-301F-11D3-BF4B-00C04F79EFBC}") = "2019_03_28_Corrections2703", "2019_03_28_Corrections2703\2019_03_28_Corrections2703.csproj", "{01EABF2A-01B5-4500-9DDE-FBEB5D82168E}"
EndProject
Global
	GlobalSection(SolutionConfigurationPlatforms) = preSolution
		Debug|Any CPU = Debug|Any CPU
		Release|Any CPU = Release|Any CPU
	EndGlobalSection
	GlobalSection(ProjectConfigurationPlatforms) = postSolution
		{01EABF2A-01B5-4500-9DDE-FBEB5D82168E}.Debug|Any CPU.ActiveCfg = Debug|Any CPU
		{01EABF2A-01B5-4500-9DDE-FBEB5D82168E}.Debug|Any CPU.Build.0 = Debug|Any CPU
		{01EABF2A-01B5-4500-9DDE-FBEB5D82168E}.Release|Any CPU.ActiveCfg = Release|Any CPU
		{01EABF2A-01B5-4500-9DDE-FBEB5D82168E}.Release|Any CPU.Build.0 = Release|Any CPU
	EndGlobalSection
	GlobalSection(SolutionProperties) = preSolution
		HideSolutionNode = FALSE
	EndGlobalSection
	GlobalSection(ExtensibilityGlobals) = postSolution
		SolutionGuid = {3CFF39DC-1B32-4038-9897-97D3551E358F}
	EndGlobalSection
EndGlobal
