
Microsoft Visual Studio Solution File, Format Version 12.00
# Visual Studio 15
VisualStudioVersion = 15.0.28307.572
MinimumVisualStudioVersion = 10.0.40219.1
Project("{FAE04EC0-301F-11D3-BF4B-00C04F79EFBC}") = "2019_04_10_DefiException", "2019_04_10_DefiException\2019_04_10_DefiException.csproj", "{186505CB-33F3-4C90-A032-9DFF9A6979D4}"
EndProject
Global
	GlobalSection(SolutionConfigurationPlatforms) = preSolution
		Debug|Any CPU = Debug|Any CPU
		Release|Any CPU = Release|Any CPU
	EndGlobalSection
	GlobalSection(ProjectConfigurationPlatforms) = postSolution
		{186505CB-33F3-4C90-A032-9DFF9A6979D4}.Debug|Any CPU.ActiveCfg = Debug|Any CPU
		{186505CB-33F3-4C90-A032-9DFF9A6979D4}.Debug|Any CPU.Build.0 = Debug|Any CPU
		{186505CB-33F3-4C90-A032-9DFF9A6979D4}.Release|Any CPU.ActiveCfg = Release|Any CPU
		{186505CB-33F3-4C90-A032-9DFF9A6979D4}.Release|Any CPU.Build.0 = Release|Any CPU
	EndGlobalSection
	GlobalSection(SolutionProperties) = preSolution
		HideSolutionNode = FALSE
	EndGlobalSection
	GlobalSection(ExtensibilityGlobals) = postSolution
		SolutionGuid = {E0506A30-CFBE-4412-9E5B-3750A7D468E3}
	EndGlobalSection
EndGlobal
