
Microsoft Visual Studio Solution File, Format Version 12.00
# Visual Studio 15
VisualStudioVersion = 15.0.27004.2005
MinimumVisualStudioVersion = 10.0.40219.1
Project("{FAE04EC0-301F-11D3-BF4B-00C04F79EFBC}") = "2017-10-28-FuncSpaceTest", "2017-10-28-FuncSpaceTest\2017-10-28-FuncSpaceTest.csproj", "{D13BC784-C250-4B2D-A443-1C96518D0D87}"
EndProject
Global
	GlobalSection(SolutionConfigurationPlatforms) = preSolution
		Debug|Any CPU = Debug|Any CPU
		Release|Any CPU = Release|Any CPU
	EndGlobalSection
	GlobalSection(ProjectConfigurationPlatforms) = postSolution
		{D13BC784-C250-4B2D-A443-1C96518D0D87}.Debug|Any CPU.ActiveCfg = Debug|Any CPU
		{D13BC784-C250-4B2D-A443-1C96518D0D87}.Debug|Any CPU.Build.0 = Debug|Any CPU
		{D13BC784-C250-4B2D-A443-1C96518D0D87}.Release|Any CPU.ActiveCfg = Release|Any CPU
		{D13BC784-C250-4B2D-A443-1C96518D0D87}.Release|Any CPU.Build.0 = Release|Any CPU
	EndGlobalSection
	GlobalSection(SolutionProperties) = preSolution
		HideSolutionNode = FALSE
	EndGlobalSection
	GlobalSection(ExtensibilityGlobals) = postSolution
		SolutionGuid = {7BEC0A92-F4D6-40AD-B056-E1F67A6350E6}
	EndGlobalSection
EndGlobal
