
Microsoft Visual Studio Solution File, Format Version 12.00
# Visual Studio 15
VisualStudioVersion = 15.0.28307.539
MinimumVisualStudioVersion = 10.0.40219.1
Project("{FAE04EC0-301F-11D3-BF4B-00C04F79EFBC}") = "2019_04_03_Defi3_Classes", "2019_04_03_Defi3_Classes\2019_04_03_Defi3_Classes.csproj", "{6BD0C5DF-8C47-45ED-8C8F-22A55ABD2BFD}"
EndProject
Global
	GlobalSection(SolutionConfigurationPlatforms) = preSolution
		Debug|Any CPU = Debug|Any CPU
		Release|Any CPU = Release|Any CPU
	EndGlobalSection
	GlobalSection(ProjectConfigurationPlatforms) = postSolution
		{6BD0C5DF-8C47-45ED-8C8F-22A55ABD2BFD}.Debug|Any CPU.ActiveCfg = Debug|Any CPU
		{6BD0C5DF-8C47-45ED-8C8F-22A55ABD2BFD}.Debug|Any CPU.Build.0 = Debug|Any CPU
		{6BD0C5DF-8C47-45ED-8C8F-22A55ABD2BFD}.Release|Any CPU.ActiveCfg = Release|Any CPU
		{6BD0C5DF-8C47-45ED-8C8F-22A55ABD2BFD}.Release|Any CPU.Build.0 = Release|Any CPU
	EndGlobalSection
	GlobalSection(SolutionProperties) = preSolution
		HideSolutionNode = FALSE
	EndGlobalSection
	GlobalSection(ExtensibilityGlobals) = postSolution
		SolutionGuid = {C9F67998-2C62-4A60-9622-FBA2B0BB77D3}
	EndGlobalSection
EndGlobal
