
Microsoft Visual Studio Solution File, Format Version 12.00
# Visual Studio 15
VisualStudioVersion = 15.0.27703.2047
MinimumVisualStudioVersion = 10.0.40219.1
Project("{FAE04EC0-301F-11D3-BF4B-00C04F79EFBC}") = "2018_08_04_TP_Csharp_POOMeteo_OC", "2018_08_04_TP_Csharp_POOMeteo_OC\2018_08_04_TP_Csharp_POOMeteo_OC.csproj", "{CCA23EF6-3077-445E-BDF8-024D32940CE9}"
EndProject
Global
	GlobalSection(SolutionConfigurationPlatforms) = preSolution
		Debug|Any CPU = Debug|Any CPU
		Release|Any CPU = Release|Any CPU
	EndGlobalSection
	GlobalSection(ProjectConfigurationPlatforms) = postSolution
		{CCA23EF6-3077-445E-BDF8-024D32940CE9}.Debug|Any CPU.ActiveCfg = Debug|Any CPU
		{CCA23EF6-3077-445E-BDF8-024D32940CE9}.Debug|Any CPU.Build.0 = Debug|Any CPU
		{CCA23EF6-3077-445E-BDF8-024D32940CE9}.Release|Any CPU.ActiveCfg = Release|Any CPU
		{CCA23EF6-3077-445E-BDF8-024D32940CE9}.Release|Any CPU.Build.0 = Release|Any CPU
	EndGlobalSection
	GlobalSection(SolutionProperties) = preSolution
		HideSolutionNode = FALSE
	EndGlobalSection
	GlobalSection(ExtensibilityGlobals) = postSolution
		SolutionGuid = {226F6DF9-342C-4AA7-AC59-666052F5478F}
	EndGlobalSection
EndGlobal
