
Microsoft Visual Studio Solution File, Format Version 12.00
# Visual Studio 15
VisualStudioVersion = 15.0.28010.2019
MinimumVisualStudioVersion = 10.0.40219.1
Project("{FAE04EC0-301F-11D3-BF4B-00C04F79EFBC}") = "2019_03_18_Exos", "2019_03_18_Exos\2019_03_18_Exos.csproj", "{8FF98428-DC38-4B57-9B1C-23D0A10AE4B9}"
EndProject
Global
	GlobalSection(SolutionConfigurationPlatforms) = preSolution
		Debug|Any CPU = Debug|Any CPU
		Release|Any CPU = Release|Any CPU
	EndGlobalSection
	GlobalSection(ProjectConfigurationPlatforms) = postSolution
		{8FF98428-DC38-4B57-9B1C-23D0A10AE4B9}.Debug|Any CPU.ActiveCfg = Debug|Any CPU
		{8FF98428-DC38-4B57-9B1C-23D0A10AE4B9}.Debug|Any CPU.Build.0 = Debug|Any CPU
		{8FF98428-DC38-4B57-9B1C-23D0A10AE4B9}.Release|Any CPU.ActiveCfg = Release|Any CPU
		{8FF98428-DC38-4B57-9B1C-23D0A10AE4B9}.Release|Any CPU.Build.0 = Release|Any CPU
	EndGlobalSection
	GlobalSection(SolutionProperties) = preSolution
		HideSolutionNode = FALSE
	EndGlobalSection
	GlobalSection(ExtensibilityGlobals) = postSolution
		SolutionGuid = {5B4501C9-0016-4EF1-B790-910E23A3E6D7}
	EndGlobalSection
EndGlobal
